
Microsoft Visual Studio Solution File, Format Version 12.00
# Visual Studio Version 16
VisualStudioVersion = 16.0.29201.188
MinimumVisualStudioVersion = 10.0.40219.1
Project("{FAE04EC0-301F-11D3-BF4B-00C04F79EFBC}") = "MoneyTrack.Android", "MoneyTrack\MoneyTrack.Android\MoneyTrack.Android.csproj", "{7D829741-D438-4F2F-BCC1-E7FF16E96310}"
EndProject
Project("{FAE04EC0-301F-11D3-BF4B-00C04F79EFBC}") = "MoneyTrack", "MoneyTrack\MoneyTrack\MoneyTrack.csproj", "{8EF80EC7-6490-4C20-9A98-E5845D263D1B}"
EndProject
Global
	GlobalSection(SolutionConfigurationPlatforms) = preSolution
		Debug|Any CPU = Debug|Any CPU
		Release|Any CPU = Release|Any CPU
	EndGlobalSection
	GlobalSection(ProjectConfigurationPlatforms) = postSolution
		{7D829741-D438-4F2F-BCC1-E7FF16E96310}.Debug|Any CPU.ActiveCfg = Debug|Any CPU
		{7D829741-D438-4F2F-BCC1-E7FF16E96310}.Debug|Any CPU.Build.0 = Debug|Any CPU
		{7D829741-D438-4F2F-BCC1-E7FF16E96310}.Debug|Any CPU.Deploy.0 = Debug|Any CPU
		{7D829741-D438-4F2F-BCC1-E7FF16E96310}.Release|Any CPU.ActiveCfg = Release|Any CPU
		{7D829741-D438-4F2F-BCC1-E7FF16E96310}.Release|Any CPU.Build.0 = Release|Any CPU
		{7D829741-D438-4F2F-BCC1-E7FF16E96310}.Release|Any CPU.Deploy.0 = Release|Any CPU
		{8EF80EC7-6490-4C20-9A98-E5845D263D1B}.Debug|Any CPU.ActiveCfg = Debug|Any CPU
		{8EF80EC7-6490-4C20-9A98-E5845D263D1B}.Debug|Any CPU.Build.0 = Debug|Any CPU
		{8EF80EC7-6490-4C20-9A98-E5845D263D1B}.Debug|Any CPU.Deploy.0 = Debug|Any CPU
		{8EF80EC7-6490-4C20-9A98-E5845D263D1B}.Release|Any CPU.ActiveCfg = Release|Any CPU
		{8EF80EC7-6490-4C20-9A98-E5845D263D1B}.Release|Any CPU.Build.0 = Release|Any CPU
		{8EF80EC7-6490-4C20-9A98-E5845D263D1B}.Release|Any CPU.Deploy.0 = Release|Any CPU
	EndGlobalSection
	GlobalSection(SolutionProperties) = preSolution
		HideSolutionNode = FALSE
	EndGlobalSection
	GlobalSection(ExtensibilityGlobals) = postSolution
		SolutionGuid = {522F33EF-0DE0-4C25-BDA2-482F4B2B2853}
	EndGlobalSection
EndGlobal
